
Microsoft Visual Studio Solution File, Format Version 12.00
# Visual Studio 14
VisualStudioVersion = 14.0.25420.1
MinimumVisualStudioVersion = 10.0.40219.1
Project("{8BC9CEB8-8B4A-11D0-8D11-00A0C91BC942}") = "leetccode283", "testtttt\testtttt.vcxproj", "{10FD89EE-08E1-4C0F-8BC4-EC1B6CEEAE62}"
EndProject
Project("{8BC9CEB8-8B4A-11D0-8D11-00A0C91BC942}") = "leetcode268", "leetcode\leetcode.vcxproj", "{9CE431BA-8322-40DB-8890-5E986E0393F3}"
EndProject
Project("{8BC9CEB8-8B4A-11D0-8D11-00A0C91BC942}") = "leetcode35", "leetcode35\leetcode35.vcxproj", "{A3B67520-680B-4A58-AB37-E9E8AB569DF0}"
EndProject
Project("{8BC9CEB8-8B4A-11D0-8D11-00A0C91BC942}") = "leetcode448", "leetcode448\leetcode448.vcxproj", "{77675C8D-94DB-4D9D-9E8E-D3BE5ED5F1EA}"
EndProject
Project("{8BC9CEB8-8B4A-11D0-8D11-00A0C91BC942}") = "leetcode26", "leetcode26\leetcode26.vcxproj", "{1A404C8A-17F4-4964-AAC3-D574A4C229CC}"
EndProject
Project("{8BC9CEB8-8B4A-11D0-8D11-00A0C91BC942}") = "leetcode27", "leetcode27\leetcode27.vcxproj", "{557BE66D-B8A5-4335-AB64-822D6C6FE9FB}"
EndProject
Project("{8BC9CEB8-8B4A-11D0-8D11-00A0C91BC942}") = "leetcode66", "leetcode66\leetcode66.vcxproj", "{808A13CE-A045-4D8B-A71C-83D62365146C}"
EndProject
Project("{8BC9CEB8-8B4A-11D0-8D11-00A0C91BC942}") = "leetcode88", "leetcode88\leetcode88.vcxproj", "{041F938A-6251-4B0F-9614-C67090A4C8F2}"
EndProject
Project("{8BC9CEB8-8B4A-11D0-8D11-00A0C91BC942}") = "leetcode219...", "leetcode219\leetcode219.vcxproj", "{F3F34802-FFF3-4A88-A84F-4E4DC06BFAE4}"
EndProject
Project("{8BC9CEB8-8B4A-11D0-8D11-00A0C91BC942}") = "leetcode189", "leetcode189\leetcode189.vcxproj", "{C30E461C-5ECE-4715-A61A-4C999C2EA595}"
EndProject
Project("{8BC9CEB8-8B4A-11D0-8D11-00A0C91BC942}") = "leetcode561", "leetcode561\leetcode561.vcxproj", "{E4152237-D751-4927-810C-2F309C71F5DF}"
EndProject
Project("{8BC9CEB8-8B4A-11D0-8D11-00A0C91BC942}") = "leetcode442", "leetcode442\leetcode442.vcxproj", "{A034B1F7-FDBC-46E9-8379-01218AECBE50}"
EndProject
Project("{8BC9CEB8-8B4A-11D0-8D11-00A0C91BC942}") = "leetcode167", "leetcode167\leetcode167.vcxproj", "{62FE4122-25BD-4311-9A60-29B503E8DC1B}"
EndProject
Project("{8BC9CEB8-8B4A-11D0-8D11-00A0C91BC942}") = "leetcode216", "leetcode216\leetcode216.vcxproj", "{EEA2AFBD-8ADF-4CCD-99F1-E5AA9FB551BB}"
EndProject
Project("{8BC9CEB8-8B4A-11D0-8D11-00A0C91BC942}") = "biaodashi", "biaodashi\biaodashi.vcxproj", "{A16AAB44-3B33-41AC-8B6F-9D094BE214D1}"
EndProject
Project("{8BC9CEB8-8B4A-11D0-8D11-00A0C91BC942}") = "leetcode104", "leetcode104\leetcode104.vcxproj", "{BD10424C-09F5-4E34-8B8C-14AB1D44D4D6}"
EndProject
Project("{8BC9CEB8-8B4A-11D0-8D11-00A0C91BC942}") = "leetcode566", "leetcode566\leetcode566.vcxproj", "{737DCCD7-3594-4981-BCBA-6DB1678B0C6E}"
EndProject
Project("{8BC9CEB8-8B4A-11D0-8D11-00A0C91BC942}") = "leetcode217", "leetcode217\leetcode217.vcxproj", "{4F3C7DF5-E290-4085-87C5-FC77D67E96BE}"
EndProject
Project("{8BC9CEB8-8B4A-11D0-8D11-00A0C91BC942}") = "leetcode414", "leetcode414\leetcode414.vcxproj", "{15C52B7C-430D-40EB-8306-DF3FBEECCB6C}"
EndProject
Project("{8BC9CEB8-8B4A-11D0-8D11-00A0C91BC942}") = "leetcode238", "leetcode238\leetcode238.vcxproj", "{F62DD6C4-E84F-4771-896C-D90D798F803B}"
EndProject
Project("{8BC9CEB8-8B4A-11D0-8D11-00A0C91BC942}") = "leetcode581", "leetcode581\leetcode581.vcxproj", "{6E3999DC-3001-4249-9231-2F5CFEF85327}"
EndProject
Project("{8BC9CEB8-8B4A-11D0-8D11-00A0C91BC942}") = "leetcode31", "leetcode31\leetcode31.vcxproj", "{10601B56-AE88-46A8-938F-5A8D1171662E}"
EndProject
Project("{8BC9CEB8-8B4A-11D0-8D11-00A0C91BC942}") = "leetcode520", "leetcode520\leetcode520.vcxproj", "{A45C403A-53C6-4A83-BA54-71E5570BA11F}"
EndProject
Project("{8BC9CEB8-8B4A-11D0-8D11-00A0C91BC942}") = "leetcode521", "leetcode521\leetcode521.vcxproj", "{36AAA706-A40D-45A5-A7BD-90926FB3CC9C}"
EndProject
Project("{8BC9CEB8-8B4A-11D0-8D11-00A0C91BC942}") = "leetcode492", "leetcode492\leetcode492.vcxproj", "{F1C548BD-CC22-4E62-8CD2-7A690E6C887F}"
EndProject
Project("{8BC9CEB8-8B4A-11D0-8D11-00A0C91BC942}") = "leetcode258", "leetcode258\leetcode258.vcxproj", "{A570E381-4B43-41A9-A270-BE63F39E5C07}"
EndProject
Project("{8BC9CEB8-8B4A-11D0-8D11-00A0C91BC942}") = "leetcode292", "leetcode292\leetcode292.vcxproj", "{294FF5A5-01CA-4E34-9C28-6852AFCB15A4}"
EndProject
Project("{8BC9CEB8-8B4A-11D0-8D11-00A0C91BC942}") = "leetcode226", "leetcode226\leetcode226.vcxproj", "{9656BA52-63DC-4C7A-93F9-148B6886F4D2}"
EndProject
Project("{8BC9CEB8-8B4A-11D0-8D11-00A0C91BC942}") = "leetcode108", "leetcode108\leetcode108.vcxproj", "{CC47C8CB-BEDB-4CA3-B44D-41813AB0A515}"
EndProject
Project("{8BC9CEB8-8B4A-11D0-8D11-00A0C91BC942}") = "leetcode141", "leetcode141\leetcode141.vcxproj", "{71F93C2F-2B05-458F-BFA8-8DA065FCC34F}"
EndProject
Project("{8BC9CEB8-8B4A-11D0-8D11-00A0C91BC942}") = "leetcode83", "leetcode83\leetcode83.vcxproj", "{D136BFF1-BBF0-40B1-83CB-D854107DE9D1}"
EndProject
Project("{8BC9CEB8-8B4A-11D0-8D11-00A0C91BC942}") = "leetcode237", "leetcode237\leetcode237.vcxproj", "{B8D7C2B3-F75E-4BB7-9BB6-4A75346F19D1}"
EndProject
Project("{8BC9CEB8-8B4A-11D0-8D11-00A0C91BC942}") = "leetcode206", "leetcode206\leetcode206.vcxproj", "{73FA1988-2A17-4E0A-90CF-F5C23BA4581D}"
EndProject
Project("{8BC9CEB8-8B4A-11D0-8D11-00A0C91BC942}") = "leetcode160", "leetcode160\leetcode160.vcxproj", "{755A507F-82F2-4A6E-84A0-5701042B041B}"
EndProject
Project("{8BC9CEB8-8B4A-11D0-8D11-00A0C91BC942}") = "leetcode21", "leetcode21\leetcode21.vcxproj", "{02B109E8-C9F7-42FF-B004-ECABDEBD5FD6}"
EndProject
Project("{8BC9CEB8-8B4A-11D0-8D11-00A0C91BC942}") = "leetcode203", "leetcode203\leetcode203.vcxproj", "{39D54480-923E-4D0E-AC4C-BFE66661209B}"
EndProject
Project("{8BC9CEB8-8B4A-11D0-8D11-00A0C91BC942}") = "leetcode234", "leetcode234\leetcode234.vcxproj", "{11B5097C-0B7D-4095-B78F-F0D4C3A43E7E}"
EndProject
Project("{8BC9CEB8-8B4A-11D0-8D11-00A0C91BC942}") = "leetcode148", "leetcode148\leetcode148.vcxproj", "{20C1C448-D232-4635-88D5-9612FC004D75}"
EndProject
Project("{8BC9CEB8-8B4A-11D0-8D11-00A0C91BC942}") = "leetcode92", "leetcode92\leetcode92.vcxproj", "{A0848D22-ECC1-4CD5-937A-8B694C44A668}"
EndProject
Project("{8BC9CEB8-8B4A-11D0-8D11-00A0C91BC942}") = "leetcode82", "leetcode82\leetcode82.vcxproj", "{25C8C187-20AF-43B4-9A91-FCDEFFCC71DC}"
EndProject
Project("{8BC9CEB8-8B4A-11D0-8D11-00A0C91BC942}") = "leetcode507", "leetcode507\leetcode507.vcxproj", "{0449CB4F-A1B9-42DE-BFE1-250B71AD1777}"
EndProject
Project("{8BC9CEB8-8B4A-11D0-8D11-00A0C91BC942}") = "leetcode9", "leetcode9\leetcode9.vcxproj", "{3C8F1EFE-DAEB-454D-9C48-308530A0CB4E}"
EndProject
Project("{8BC9CEB8-8B4A-11D0-8D11-00A0C91BC942}") = "leetcode415", "leetcode415\leetcode415.vcxproj", "{626199A0-6DAE-4975-99DC-905EE21BAD61}"
EndProject
Project("{8BC9CEB8-8B4A-11D0-8D11-00A0C91BC942}") = "leetcode400", "leetcode400\leetcode400.vcxproj", "{3D1C1F4A-7C74-4A7A-94D6-E47D561A2F02}"
EndProject
Project("{8BC9CEB8-8B4A-11D0-8D11-00A0C91BC942}") = "leetcode7", "leetcode7\leetcode7.vcxproj", "{88CCC25A-7F2B-4B6D-95B2-6C0AE76DA943}"
EndProject
Project("{8BC9CEB8-8B4A-11D0-8D11-00A0C91BC942}") = "leetcode67", "leetcode67\leetcode67.vcxproj", "{F48D103E-9F0C-45D8-91AD-E6471B7DEFCA}"
EndProject
Project("{8BC9CEB8-8B4A-11D0-8D11-00A0C91BC942}") = "leetcode557", "leetcode557\leetcode557.vcxproj", "{010262BC-4BB6-4587-A82E-C0CDD7F24BA6}"
EndProject
Project("{8BC9CEB8-8B4A-11D0-8D11-00A0C91BC942}") = "leetcode28", "leetcode28\leetcode28.vcxproj", "{1D59289B-D2B7-4DEF-87D7-2F9A84B8DFFA}"
EndProject
Project("{8BC9CEB8-8B4A-11D0-8D11-00A0C91BC942}") = "leetcode445", "leetcode445\leetcode445.vcxproj", "{6D9E58ED-167D-4987-9006-BFB3069CA127}"
EndProject
Project("{8BC9CEB8-8B4A-11D0-8D11-00A0C91BC942}") = "leetcode328", "leetcode328\leetcode328.vcxproj", "{24F1F120-415C-4BBE-9139-5EC7281693FD}"
EndProject
Project("{8BC9CEB8-8B4A-11D0-8D11-00A0C91BC942}") = "leetcode495", "leetcode495\leetcode495.vcxproj", "{5320F178-7C61-4512-A7E0-4D27539DD83D}"
EndProject
Global
	GlobalSection(SolutionConfigurationPlatforms) = preSolution
		Debug|x64 = Debug|x64
		Debug|x86 = Debug|x86
		Release|x64 = Release|x64
		Release|x86 = Release|x86
	EndGlobalSection
	GlobalSection(ProjectConfigurationPlatforms) = postSolution
		{10FD89EE-08E1-4C0F-8BC4-EC1B6CEEAE62}.Debug|x64.ActiveCfg = Debug|x64
		{10FD89EE-08E1-4C0F-8BC4-EC1B6CEEAE62}.Debug|x64.Build.0 = Debug|x64
		{10FD89EE-08E1-4C0F-8BC4-EC1B6CEEAE62}.Debug|x86.ActiveCfg = Debug|Win32
		{10FD89EE-08E1-4C0F-8BC4-EC1B6CEEAE62}.Debug|x86.Build.0 = Debug|Win32
		{10FD89EE-08E1-4C0F-8BC4-EC1B6CEEAE62}.Release|x64.ActiveCfg = Release|x64
		{10FD89EE-08E1-4C0F-8BC4-EC1B6CEEAE62}.Release|x64.Build.0 = Release|x64
		{10FD89EE-08E1-4C0F-8BC4-EC1B6CEEAE62}.Release|x86.ActiveCfg = Release|Win32
		{10FD89EE-08E1-4C0F-8BC4-EC1B6CEEAE62}.Release|x86.Build.0 = Release|Win32
		{9CE431BA-8322-40DB-8890-5E986E0393F3}.Debug|x64.ActiveCfg = Debug|x64
		{9CE431BA-8322-40DB-8890-5E986E0393F3}.Debug|x64.Build.0 = Debug|x64
		{9CE431BA-8322-40DB-8890-5E986E0393F3}.Debug|x86.ActiveCfg = Debug|Win32
		{9CE431BA-8322-40DB-8890-5E986E0393F3}.Debug|x86.Build.0 = Debug|Win32
		{9CE431BA-8322-40DB-8890-5E986E0393F3}.Release|x64.ActiveCfg = Release|x64
		{9CE431BA-8322-40DB-8890-5E986E0393F3}.Release|x64.Build.0 = Release|x64
		{9CE431BA-8322-40DB-8890-5E986E0393F3}.Release|x86.ActiveCfg = Release|Win32
		{9CE431BA-8322-40DB-8890-5E986E0393F3}.Release|x86.Build.0 = Release|Win32
		{A3B67520-680B-4A58-AB37-E9E8AB569DF0}.Debug|x64.ActiveCfg = Debug|x64
		{A3B67520-680B-4A58-AB37-E9E8AB569DF0}.Debug|x64.Build.0 = Debug|x64
		{A3B67520-680B-4A58-AB37-E9E8AB569DF0}.Debug|x86.ActiveCfg = Debug|Win32
		{A3B67520-680B-4A58-AB37-E9E8AB569DF0}.Debug|x86.Build.0 = Debug|Win32
		{A3B67520-680B-4A58-AB37-E9E8AB569DF0}.Release|x64.ActiveCfg = Release|x64
		{A3B67520-680B-4A58-AB37-E9E8AB569DF0}.Release|x64.Build.0 = Release|x64
		{A3B67520-680B-4A58-AB37-E9E8AB569DF0}.Release|x86.ActiveCfg = Release|Win32
		{A3B67520-680B-4A58-AB37-E9E8AB569DF0}.Release|x86.Build.0 = Release|Win32
		{77675C8D-94DB-4D9D-9E8E-D3BE5ED5F1EA}.Debug|x64.ActiveCfg = Debug|x64
		{77675C8D-94DB-4D9D-9E8E-D3BE5ED5F1EA}.Debug|x64.Build.0 = Debug|x64
		{77675C8D-94DB-4D9D-9E8E-D3BE5ED5F1EA}.Debug|x86.ActiveCfg = Debug|Win32
		{77675C8D-94DB-4D9D-9E8E-D3BE5ED5F1EA}.Debug|x86.Build.0 = Debug|Win32
		{77675C8D-94DB-4D9D-9E8E-D3BE5ED5F1EA}.Release|x64.ActiveCfg = Release|x64
		{77675C8D-94DB-4D9D-9E8E-D3BE5ED5F1EA}.Release|x64.Build.0 = Release|x64
		{77675C8D-94DB-4D9D-9E8E-D3BE5ED5F1EA}.Release|x86.ActiveCfg = Release|Win32
		{77675C8D-94DB-4D9D-9E8E-D3BE5ED5F1EA}.Release|x86.Build.0 = Release|Win32
		{1A404C8A-17F4-4964-AAC3-D574A4C229CC}.Debug|x64.ActiveCfg = Debug|x64
		{1A404C8A-17F4-4964-AAC3-D574A4C229CC}.Debug|x64.Build.0 = Debug|x64
		{1A404C8A-17F4-4964-AAC3-D574A4C229CC}.Debug|x86.ActiveCfg = Debug|Win32
		{1A404C8A-17F4-4964-AAC3-D574A4C229CC}.Debug|x86.Build.0 = Debug|Win32
		{1A404C8A-17F4-4964-AAC3-D574A4C229CC}.Release|x64.ActiveCfg = Release|x64
		{1A404C8A-17F4-4964-AAC3-D574A4C229CC}.Release|x64.Build.0 = Release|x64
		{1A404C8A-17F4-4964-AAC3-D574A4C229CC}.Release|x86.ActiveCfg = Release|Win32
		{1A404C8A-17F4-4964-AAC3-D574A4C229CC}.Release|x86.Build.0 = Release|Win32
		{557BE66D-B8A5-4335-AB64-822D6C6FE9FB}.Debug|x64.ActiveCfg = Debug|x64
		{557BE66D-B8A5-4335-AB64-822D6C6FE9FB}.Debug|x64.Build.0 = Debug|x64
		{557BE66D-B8A5-4335-AB64-822D6C6FE9FB}.Debug|x86.ActiveCfg = Debug|Win32
		{557BE66D-B8A5-4335-AB64-822D6C6FE9FB}.Debug|x86.Build.0 = Debug|Win32
		{557BE66D-B8A5-4335-AB64-822D6C6FE9FB}.Release|x64.ActiveCfg = Release|x64
		{557BE66D-B8A5-4335-AB64-822D6C6FE9FB}.Release|x64.Build.0 = Release|x64
		{557BE66D-B8A5-4335-AB64-822D6C6FE9FB}.Release|x86.ActiveCfg = Release|Win32
		{557BE66D-B8A5-4335-AB64-822D6C6FE9FB}.Release|x86.Build.0 = Release|Win32
		{808A13CE-A045-4D8B-A71C-83D62365146C}.Debug|x64.ActiveCfg = Debug|x64
		{808A13CE-A045-4D8B-A71C-83D62365146C}.Debug|x64.Build.0 = Debug|x64
		{808A13CE-A045-4D8B-A71C-83D62365146C}.Debug|x86.ActiveCfg = Debug|Win32
		{808A13CE-A045-4D8B-A71C-83D62365146C}.Debug|x86.Build.0 = Debug|Win32
		{808A13CE-A045-4D8B-A71C-83D62365146C}.Release|x64.ActiveCfg = Release|x64
		{808A13CE-A045-4D8B-A71C-83D62365146C}.Release|x64.Build.0 = Release|x64
		{808A13CE-A045-4D8B-A71C-83D62365146C}.Release|x86.ActiveCfg = Release|Win32
		{808A13CE-A045-4D8B-A71C-83D62365146C}.Release|x86.Build.0 = Release|Win32
		{041F938A-6251-4B0F-9614-C67090A4C8F2}.Debug|x64.ActiveCfg = Debug|x64
		{041F938A-6251-4B0F-9614-C67090A4C8F2}.Debug|x64.Build.0 = Debug|x64
		{041F938A-6251-4B0F-9614-C67090A4C8F2}.Debug|x86.ActiveCfg = Debug|Win32
		{041F938A-6251-4B0F-9614-C67090A4C8F2}.Debug|x86.Build.0 = Debug|Win32
		{041F938A-6251-4B0F-9614-C67090A4C8F2}.Release|x64.ActiveCfg = Release|x64
		{041F938A-6251-4B0F-9614-C67090A4C8F2}.Release|x64.Build.0 = Release|x64
		{041F938A-6251-4B0F-9614-C67090A4C8F2}.Release|x86.ActiveCfg = Release|Win32
		{041F938A-6251-4B0F-9614-C67090A4C8F2}.Release|x86.Build.0 = Release|Win32
		{F3F34802-FFF3-4A88-A84F-4E4DC06BFAE4}.Debug|x64.ActiveCfg = Debug|x64
		{F3F34802-FFF3-4A88-A84F-4E4DC06BFAE4}.Debug|x64.Build.0 = Debug|x64
		{F3F34802-FFF3-4A88-A84F-4E4DC06BFAE4}.Debug|x86.ActiveCfg = Debug|Win32
		{F3F34802-FFF3-4A88-A84F-4E4DC06BFAE4}.Debug|x86.Build.0 = Debug|Win32
		{F3F34802-FFF3-4A88-A84F-4E4DC06BFAE4}.Release|x64.ActiveCfg = Release|x64
		{F3F34802-FFF3-4A88-A84F-4E4DC06BFAE4}.Release|x64.Build.0 = Release|x64
		{F3F34802-FFF3-4A88-A84F-4E4DC06BFAE4}.Release|x86.ActiveCfg = Release|Win32
		{F3F34802-FFF3-4A88-A84F-4E4DC06BFAE4}.Release|x86.Build.0 = Release|Win32
		{C30E461C-5ECE-4715-A61A-4C999C2EA595}.Debug|x64.ActiveCfg = Debug|x64
		{C30E461C-5ECE-4715-A61A-4C999C2EA595}.Debug|x64.Build.0 = Debug|x64
		{C30E461C-5ECE-4715-A61A-4C999C2EA595}.Debug|x86.ActiveCfg = Debug|Win32
		{C30E461C-5ECE-4715-A61A-4C999C2EA595}.Debug|x86.Build.0 = Debug|Win32
		{C30E461C-5ECE-4715-A61A-4C999C2EA595}.Release|x64.ActiveCfg = Release|x64
		{C30E461C-5ECE-4715-A61A-4C999C2EA595}.Release|x64.Build.0 = Release|x64
		{C30E461C-5ECE-4715-A61A-4C999C2EA595}.Release|x86.ActiveCfg = Release|Win32
		{C30E461C-5ECE-4715-A61A-4C999C2EA595}.Release|x86.Build.0 = Release|Win32
		{E4152237-D751-4927-810C-2F309C71F5DF}.Debug|x64.ActiveCfg = Debug|x64
		{E4152237-D751-4927-810C-2F309C71F5DF}.Debug|x64.Build.0 = Debug|x64
		{E4152237-D751-4927-810C-2F309C71F5DF}.Debug|x86.ActiveCfg = Debug|Win32
		{E4152237-D751-4927-810C-2F309C71F5DF}.Debug|x86.Build.0 = Debug|Win32
		{E4152237-D751-4927-810C-2F309C71F5DF}.Release|x64.ActiveCfg = Release|x64
		{E4152237-D751-4927-810C-2F309C71F5DF}.Release|x64.Build.0 = Release|x64
		{E4152237-D751-4927-810C-2F309C71F5DF}.Release|x86.ActiveCfg = Release|Win32
		{E4152237-D751-4927-810C-2F309C71F5DF}.Release|x86.Build.0 = Release|Win32
		{A034B1F7-FDBC-46E9-8379-01218AECBE50}.Debug|x64.ActiveCfg = Debug|x64
		{A034B1F7-FDBC-46E9-8379-01218AECBE50}.Debug|x64.Build.0 = Debug|x64
		{A034B1F7-FDBC-46E9-8379-01218AECBE50}.Debug|x86.ActiveCfg = Debug|Win32
		{A034B1F7-FDBC-46E9-8379-01218AECBE50}.Debug|x86.Build.0 = Debug|Win32
		{A034B1F7-FDBC-46E9-8379-01218AECBE50}.Release|x64.ActiveCfg = Release|x64
		{A034B1F7-FDBC-46E9-8379-01218AECBE50}.Release|x64.Build.0 = Release|x64
		{A034B1F7-FDBC-46E9-8379-01218AECBE50}.Release|x86.ActiveCfg = Release|Win32
		{A034B1F7-FDBC-46E9-8379-01218AECBE50}.Release|x86.Build.0 = Release|Win32
		{62FE4122-25BD-4311-9A60-29B503E8DC1B}.Debug|x64.ActiveCfg = Debug|x64
		{62FE4122-25BD-4311-9A60-29B503E8DC1B}.Debug|x64.Build.0 = Debug|x64
		{62FE4122-25BD-4311-9A60-29B503E8DC1B}.Debug|x86.ActiveCfg = Debug|Win32
		{62FE4122-25BD-4311-9A60-29B503E8DC1B}.Debug|x86.Build.0 = Debug|Win32
		{62FE4122-25BD-4311-9A60-29B503E8DC1B}.Release|x64.ActiveCfg = Release|x64
		{62FE4122-25BD-4311-9A60-29B503E8DC1B}.Release|x64.Build.0 = Release|x64
		{62FE4122-25BD-4311-9A60-29B503E8DC1B}.Release|x86.ActiveCfg = Release|Win32
		{62FE4122-25BD-4311-9A60-29B503E8DC1B}.Release|x86.Build.0 = Release|Win32
		{EEA2AFBD-8ADF-4CCD-99F1-E5AA9FB551BB}.Debug|x64.ActiveCfg = Debug|x64
		{EEA2AFBD-8ADF-4CCD-99F1-E5AA9FB551BB}.Debug|x64.Build.0 = Debug|x64
		{EEA2AFBD-8ADF-4CCD-99F1-E5AA9FB551BB}.Debug|x86.ActiveCfg = Debug|Win32
		{EEA2AFBD-8ADF-4CCD-99F1-E5AA9FB551BB}.Debug|x86.Build.0 = Debug|Win32
		{EEA2AFBD-8ADF-4CCD-99F1-E5AA9FB551BB}.Release|x64.ActiveCfg = Release|x64
		{EEA2AFBD-8ADF-4CCD-99F1-E5AA9FB551BB}.Release|x64.Build.0 = Release|x64
		{EEA2AFBD-8ADF-4CCD-99F1-E5AA9FB551BB}.Release|x86.ActiveCfg = Release|Win32
		{EEA2AFBD-8ADF-4CCD-99F1-E5AA9FB551BB}.Release|x86.Build.0 = Release|Win32
		{A16AAB44-3B33-41AC-8B6F-9D094BE214D1}.Debug|x64.ActiveCfg = Debug|x64
		{A16AAB44-3B33-41AC-8B6F-9D094BE214D1}.Debug|x64.Build.0 = Debug|x64
		{A16AAB44-3B33-41AC-8B6F-9D094BE214D1}.Debug|x86.ActiveCfg = Debug|Win32
		{A16AAB44-3B33-41AC-8B6F-9D094BE214D1}.Debug|x86.Build.0 = Debug|Win32
		{A16AAB44-3B33-41AC-8B6F-9D094BE214D1}.Release|x64.ActiveCfg = Release|x64
		{A16AAB44-3B33-41AC-8B6F-9D094BE214D1}.Release|x64.Build.0 = Release|x64
		{A16AAB44-3B33-41AC-8B6F-9D094BE214D1}.Release|x86.ActiveCfg = Release|Win32
		{A16AAB44-3B33-41AC-8B6F-9D094BE214D1}.Release|x86.Build.0 = Release|Win32
		{BD10424C-09F5-4E34-8B8C-14AB1D44D4D6}.Debug|x64.ActiveCfg = Debug|x64
		{BD10424C-09F5-4E34-8B8C-14AB1D44D4D6}.Debug|x64.Build.0 = Debug|x64
		{BD10424C-09F5-4E34-8B8C-14AB1D44D4D6}.Debug|x86.ActiveCfg = Debug|Win32
		{BD10424C-09F5-4E34-8B8C-14AB1D44D4D6}.Debug|x86.Build.0 = Debug|Win32
		{BD10424C-09F5-4E34-8B8C-14AB1D44D4D6}.Release|x64.ActiveCfg = Release|x64
		{BD10424C-09F5-4E34-8B8C-14AB1D44D4D6}.Release|x64.Build.0 = Release|x64
		{BD10424C-09F5-4E34-8B8C-14AB1D44D4D6}.Release|x86.ActiveCfg = Release|Win32
		{BD10424C-09F5-4E34-8B8C-14AB1D44D4D6}.Release|x86.Build.0 = Release|Win32
		{737DCCD7-3594-4981-BCBA-6DB1678B0C6E}.Debug|x64.ActiveCfg = Debug|x64
		{737DCCD7-3594-4981-BCBA-6DB1678B0C6E}.Debug|x64.Build.0 = Debug|x64
		{737DCCD7-3594-4981-BCBA-6DB1678B0C6E}.Debug|x86.ActiveCfg = Debug|Win32
		{737DCCD7-3594-4981-BCBA-6DB1678B0C6E}.Debug|x86.Build.0 = Debug|Win32
		{737DCCD7-3594-4981-BCBA-6DB1678B0C6E}.Release|x64.ActiveCfg = Release|x64
		{737DCCD7-3594-4981-BCBA-6DB1678B0C6E}.Release|x64.Build.0 = Release|x64
		{737DCCD7-3594-4981-BCBA-6DB1678B0C6E}.Release|x86.ActiveCfg = Release|Win32
		{737DCCD7-3594-4981-BCBA-6DB1678B0C6E}.Release|x86.Build.0 = Release|Win32
		{4F3C7DF5-E290-4085-87C5-FC77D67E96BE}.Debug|x64.ActiveCfg = Debug|x64
		{4F3C7DF5-E290-4085-87C5-FC77D67E96BE}.Debug|x64.Build.0 = Debug|x64
		{4F3C7DF5-E290-4085-87C5-FC77D67E96BE}.Debug|x86.ActiveCfg = Debug|Win32
		{4F3C7DF5-E290-4085-87C5-FC77D67E96BE}.Debug|x86.Build.0 = Debug|Win32
		{4F3C7DF5-E290-4085-87C5-FC77D67E96BE}.Release|x64.ActiveCfg = Release|x64
		{4F3C7DF5-E290-4085-87C5-FC77D67E96BE}.Release|x64.Build.0 = Release|x64
		{4F3C7DF5-E290-4085-87C5-FC77D67E96BE}.Release|x86.ActiveCfg = Release|Win32
		{4F3C7DF5-E290-4085-87C5-FC77D67E96BE}.Release|x86.Build.0 = Release|Win32
		{15C52B7C-430D-40EB-8306-DF3FBEECCB6C}.Debug|x64.ActiveCfg = Debug|x64
		{15C52B7C-430D-40EB-8306-DF3FBEECCB6C}.Debug|x64.Build.0 = Debug|x64
		{15C52B7C-430D-40EB-8306-DF3FBEECCB6C}.Debug|x86.ActiveCfg = Debug|Win32
		{15C52B7C-430D-40EB-8306-DF3FBEECCB6C}.Debug|x86.Build.0 = Debug|Win32
		{15C52B7C-430D-40EB-8306-DF3FBEECCB6C}.Release|x64.ActiveCfg = Release|x64
		{15C52B7C-430D-40EB-8306-DF3FBEECCB6C}.Release|x64.Build.0 = Release|x64
		{15C52B7C-430D-40EB-8306-DF3FBEECCB6C}.Release|x86.ActiveCfg = Release|Win32
		{15C52B7C-430D-40EB-8306-DF3FBEECCB6C}.Release|x86.Build.0 = Release|Win32
		{F62DD6C4-E84F-4771-896C-D90D798F803B}.Debug|x64.ActiveCfg = Debug|x64
		{F62DD6C4-E84F-4771-896C-D90D798F803B}.Debug|x64.Build.0 = Debug|x64
		{F62DD6C4-E84F-4771-896C-D90D798F803B}.Debug|x86.ActiveCfg = Debug|Win32
		{F62DD6C4-E84F-4771-896C-D90D798F803B}.Debug|x86.Build.0 = Debug|Win32
		{F62DD6C4-E84F-4771-896C-D90D798F803B}.Release|x64.ActiveCfg = Release|x64
		{F62DD6C4-E84F-4771-896C-D90D798F803B}.Release|x64.Build.0 = Release|x64
		{F62DD6C4-E84F-4771-896C-D90D798F803B}.Release|x86.ActiveCfg = Release|Win32
		{F62DD6C4-E84F-4771-896C-D90D798F803B}.Release|x86.Build.0 = Release|Win32
		{6E3999DC-3001-4249-9231-2F5CFEF85327}.Debug|x64.ActiveCfg = Debug|x64
		{6E3999DC-3001-4249-9231-2F5CFEF85327}.Debug|x64.Build.0 = Debug|x64
		{6E3999DC-3001-4249-9231-2F5CFEF85327}.Debug|x86.ActiveCfg = Debug|Win32
		{6E3999DC-3001-4249-9231-2F5CFEF85327}.Debug|x86.Build.0 = Debug|Win32
		{6E3999DC-3001-4249-9231-2F5CFEF85327}.Release|x64.ActiveCfg = Release|x64
		{6E3999DC-3001-4249-9231-2F5CFEF85327}.Release|x64.Build.0 = Release|x64
		{6E3999DC-3001-4249-9231-2F5CFEF85327}.Release|x86.ActiveCfg = Release|Win32
		{6E3999DC-3001-4249-9231-2F5CFEF85327}.Release|x86.Build.0 = Release|Win32
		{10601B56-AE88-46A8-938F-5A8D1171662E}.Debug|x64.ActiveCfg = Debug|x64
		{10601B56-AE88-46A8-938F-5A8D1171662E}.Debug|x64.Build.0 = Debug|x64
		{10601B56-AE88-46A8-938F-5A8D1171662E}.Debug|x86.ActiveCfg = Debug|Win32
		{10601B56-AE88-46A8-938F-5A8D1171662E}.Debug|x86.Build.0 = Debug|Win32
		{10601B56-AE88-46A8-938F-5A8D1171662E}.Release|x64.ActiveCfg = Release|x64
		{10601B56-AE88-46A8-938F-5A8D1171662E}.Release|x64.Build.0 = Release|x64
		{10601B56-AE88-46A8-938F-5A8D1171662E}.Release|x86.ActiveCfg = Release|Win32
		{10601B56-AE88-46A8-938F-5A8D1171662E}.Release|x86.Build.0 = Release|Win32
		{A45C403A-53C6-4A83-BA54-71E5570BA11F}.Debug|x64.ActiveCfg = Debug|x64
		{A45C403A-53C6-4A83-BA54-71E5570BA11F}.Debug|x64.Build.0 = Debug|x64
		{A45C403A-53C6-4A83-BA54-71E5570BA11F}.Debug|x86.ActiveCfg = Debug|Win32
		{A45C403A-53C6-4A83-BA54-71E5570BA11F}.Debug|x86.Build.0 = Debug|Win32
		{A45C403A-53C6-4A83-BA54-71E5570BA11F}.Release|x64.ActiveCfg = Release|x64
		{A45C403A-53C6-4A83-BA54-71E5570BA11F}.Release|x64.Build.0 = Release|x64
		{A45C403A-53C6-4A83-BA54-71E5570BA11F}.Release|x86.ActiveCfg = Release|Win32
		{A45C403A-53C6-4A83-BA54-71E5570BA11F}.Release|x86.Build.0 = Release|Win32
		{36AAA706-A40D-45A5-A7BD-90926FB3CC9C}.Debug|x64.ActiveCfg = Debug|x64
		{36AAA706-A40D-45A5-A7BD-90926FB3CC9C}.Debug|x64.Build.0 = Debug|x64
		{36AAA706-A40D-45A5-A7BD-90926FB3CC9C}.Debug|x86.ActiveCfg = Debug|Win32
		{36AAA706-A40D-45A5-A7BD-90926FB3CC9C}.Debug|x86.Build.0 = Debug|Win32
		{36AAA706-A40D-45A5-A7BD-90926FB3CC9C}.Release|x64.ActiveCfg = Release|x64
		{36AAA706-A40D-45A5-A7BD-90926FB3CC9C}.Release|x64.Build.0 = Release|x64
		{36AAA706-A40D-45A5-A7BD-90926FB3CC9C}.Release|x86.ActiveCfg = Release|Win32
		{36AAA706-A40D-45A5-A7BD-90926FB3CC9C}.Release|x86.Build.0 = Release|Win32
		{F1C548BD-CC22-4E62-8CD2-7A690E6C887F}.Debug|x64.ActiveCfg = Debug|x64
		{F1C548BD-CC22-4E62-8CD2-7A690E6C887F}.Debug|x64.Build.0 = Debug|x64
		{F1C548BD-CC22-4E62-8CD2-7A690E6C887F}.Debug|x86.ActiveCfg = Debug|Win32
		{F1C548BD-CC22-4E62-8CD2-7A690E6C887F}.Debug|x86.Build.0 = Debug|Win32
		{F1C548BD-CC22-4E62-8CD2-7A690E6C887F}.Release|x64.ActiveCfg = Release|x64
		{F1C548BD-CC22-4E62-8CD2-7A690E6C887F}.Release|x64.Build.0 = Release|x64
		{F1C548BD-CC22-4E62-8CD2-7A690E6C887F}.Release|x86.ActiveCfg = Release|Win32
		{F1C548BD-CC22-4E62-8CD2-7A690E6C887F}.Release|x86.Build.0 = Release|Win32
		{A570E381-4B43-41A9-A270-BE63F39E5C07}.Debug|x64.ActiveCfg = Debug|x64
		{A570E381-4B43-41A9-A270-BE63F39E5C07}.Debug|x64.Build.0 = Debug|x64
		{A570E381-4B43-41A9-A270-BE63F39E5C07}.Debug|x86.ActiveCfg = Debug|Win32
		{A570E381-4B43-41A9-A270-BE63F39E5C07}.Debug|x86.Build.0 = Debug|Win32
		{A570E381-4B43-41A9-A270-BE63F39E5C07}.Release|x64.ActiveCfg = Release|x64
		{A570E381-4B43-41A9-A270-BE63F39E5C07}.Release|x64.Build.0 = Release|x64
		{A570E381-4B43-41A9-A270-BE63F39E5C07}.Release|x86.ActiveCfg = Release|Win32
		{A570E381-4B43-41A9-A270-BE63F39E5C07}.Release|x86.Build.0 = Release|Win32
		{294FF5A5-01CA-4E34-9C28-6852AFCB15A4}.Debug|x64.ActiveCfg = Debug|x64
		{294FF5A5-01CA-4E34-9C28-6852AFCB15A4}.Debug|x64.Build.0 = Debug|x64
		{294FF5A5-01CA-4E34-9C28-6852AFCB15A4}.Debug|x86.ActiveCfg = Debug|Win32
		{294FF5A5-01CA-4E34-9C28-6852AFCB15A4}.Debug|x86.Build.0 = Debug|Win32
		{294FF5A5-01CA-4E34-9C28-6852AFCB15A4}.Release|x64.ActiveCfg = Release|x64
		{294FF5A5-01CA-4E34-9C28-6852AFCB15A4}.Release|x64.Build.0 = Release|x64
		{294FF5A5-01CA-4E34-9C28-6852AFCB15A4}.Release|x86.ActiveCfg = Release|Win32
		{294FF5A5-01CA-4E34-9C28-6852AFCB15A4}.Release|x86.Build.0 = Release|Win32
		{9656BA52-63DC-4C7A-93F9-148B6886F4D2}.Debug|x64.ActiveCfg = Debug|x64
		{9656BA52-63DC-4C7A-93F9-148B6886F4D2}.Debug|x64.Build.0 = Debug|x64
		{9656BA52-63DC-4C7A-93F9-148B6886F4D2}.Debug|x86.ActiveCfg = Debug|Win32
		{9656BA52-63DC-4C7A-93F9-148B6886F4D2}.Debug|x86.Build.0 = Debug|Win32
		{9656BA52-63DC-4C7A-93F9-148B6886F4D2}.Release|x64.ActiveCfg = Release|x64
		{9656BA52-63DC-4C7A-93F9-148B6886F4D2}.Release|x64.Build.0 = Release|x64
		{9656BA52-63DC-4C7A-93F9-148B6886F4D2}.Release|x86.ActiveCfg = Release|Win32
		{9656BA52-63DC-4C7A-93F9-148B6886F4D2}.Release|x86.Build.0 = Release|Win32
		{CC47C8CB-BEDB-4CA3-B44D-41813AB0A515}.Debug|x64.ActiveCfg = Debug|x64
		{CC47C8CB-BEDB-4CA3-B44D-41813AB0A515}.Debug|x64.Build.0 = Debug|x64
		{CC47C8CB-BEDB-4CA3-B44D-41813AB0A515}.Debug|x86.ActiveCfg = Debug|Win32
		{CC47C8CB-BEDB-4CA3-B44D-41813AB0A515}.Debug|x86.Build.0 = Debug|Win32
		{CC47C8CB-BEDB-4CA3-B44D-41813AB0A515}.Release|x64.ActiveCfg = Release|x64
		{CC47C8CB-BEDB-4CA3-B44D-41813AB0A515}.Release|x64.Build.0 = Release|x64
		{CC47C8CB-BEDB-4CA3-B44D-41813AB0A515}.Release|x86.ActiveCfg = Release|Win32
		{CC47C8CB-BEDB-4CA3-B44D-41813AB0A515}.Release|x86.Build.0 = Release|Win32
		{71F93C2F-2B05-458F-BFA8-8DA065FCC34F}.Debug|x64.ActiveCfg = Debug|x64
		{71F93C2F-2B05-458F-BFA8-8DA065FCC34F}.Debug|x64.Build.0 = Debug|x64
		{71F93C2F-2B05-458F-BFA8-8DA065FCC34F}.Debug|x86.ActiveCfg = Debug|Win32
		{71F93C2F-2B05-458F-BFA8-8DA065FCC34F}.Debug|x86.Build.0 = Debug|Win32
		{71F93C2F-2B05-458F-BFA8-8DA065FCC34F}.Release|x64.ActiveCfg = Release|x64
		{71F93C2F-2B05-458F-BFA8-8DA065FCC34F}.Release|x64.Build.0 = Release|x64
		{71F93C2F-2B05-458F-BFA8-8DA065FCC34F}.Release|x86.ActiveCfg = Release|Win32
		{71F93C2F-2B05-458F-BFA8-8DA065FCC34F}.Release|x86.Build.0 = Release|Win32
		{D136BFF1-BBF0-40B1-83CB-D854107DE9D1}.Debug|x64.ActiveCfg = Debug|x64
		{D136BFF1-BBF0-40B1-83CB-D854107DE9D1}.Debug|x64.Build.0 = Debug|x64
		{D136BFF1-BBF0-40B1-83CB-D854107DE9D1}.Debug|x86.ActiveCfg = Debug|Win32
		{D136BFF1-BBF0-40B1-83CB-D854107DE9D1}.Debug|x86.Build.0 = Debug|Win32
		{D136BFF1-BBF0-40B1-83CB-D854107DE9D1}.Release|x64.ActiveCfg = Release|x64
		{D136BFF1-BBF0-40B1-83CB-D854107DE9D1}.Release|x64.Build.0 = Release|x64
		{D136BFF1-BBF0-40B1-83CB-D854107DE9D1}.Release|x86.ActiveCfg = Release|Win32
		{D136BFF1-BBF0-40B1-83CB-D854107DE9D1}.Release|x86.Build.0 = Release|Win32
		{B8D7C2B3-F75E-4BB7-9BB6-4A75346F19D1}.Debug|x64.ActiveCfg = Debug|x64
		{B8D7C2B3-F75E-4BB7-9BB6-4A75346F19D1}.Debug|x64.Build.0 = Debug|x64
		{B8D7C2B3-F75E-4BB7-9BB6-4A75346F19D1}.Debug|x86.ActiveCfg = Debug|Win32
		{B8D7C2B3-F75E-4BB7-9BB6-4A75346F19D1}.Debug|x86.Build.0 = Debug|Win32
		{B8D7C2B3-F75E-4BB7-9BB6-4A75346F19D1}.Release|x64.ActiveCfg = Release|x64
		{B8D7C2B3-F75E-4BB7-9BB6-4A75346F19D1}.Release|x64.Build.0 = Release|x64
		{B8D7C2B3-F75E-4BB7-9BB6-4A75346F19D1}.Release|x86.ActiveCfg = Release|Win32
		{B8D7C2B3-F75E-4BB7-9BB6-4A75346F19D1}.Release|x86.Build.0 = Release|Win32
		{73FA1988-2A17-4E0A-90CF-F5C23BA4581D}.Debug|x64.ActiveCfg = Debug|x64
		{73FA1988-2A17-4E0A-90CF-F5C23BA4581D}.Debug|x64.Build.0 = Debug|x64
		{73FA1988-2A17-4E0A-90CF-F5C23BA4581D}.Debug|x86.ActiveCfg = Debug|Win32
		{73FA1988-2A17-4E0A-90CF-F5C23BA4581D}.Debug|x86.Build.0 = Debug|Win32
		{73FA1988-2A17-4E0A-90CF-F5C23BA4581D}.Release|x64.ActiveCfg = Release|x64
		{73FA1988-2A17-4E0A-90CF-F5C23BA4581D}.Release|x64.Build.0 = Release|x64
		{73FA1988-2A17-4E0A-90CF-F5C23BA4581D}.Release|x86.ActiveCfg = Release|Win32
		{73FA1988-2A17-4E0A-90CF-F5C23BA4581D}.Release|x86.Build.0 = Release|Win32
		{755A507F-82F2-4A6E-84A0-5701042B041B}.Debug|x64.ActiveCfg = Debug|x64
		{755A507F-82F2-4A6E-84A0-5701042B041B}.Debug|x64.Build.0 = Debug|x64
		{755A507F-82F2-4A6E-84A0-5701042B041B}.Debug|x86.ActiveCfg = Debug|Win32
		{755A507F-82F2-4A6E-84A0-5701042B041B}.Debug|x86.Build.0 = Debug|Win32
		{755A507F-82F2-4A6E-84A0-5701042B041B}.Release|x64.ActiveCfg = Release|x64
		{755A507F-82F2-4A6E-84A0-5701042B041B}.Release|x64.Build.0 = Release|x64
		{755A507F-82F2-4A6E-84A0-5701042B041B}.Release|x86.ActiveCfg = Release|Win32
		{755A507F-82F2-4A6E-84A0-5701042B041B}.Release|x86.Build.0 = Release|Win32
		{02B109E8-C9F7-42FF-B004-ECABDEBD5FD6}.Debug|x64.ActiveCfg = Debug|x64
		{02B109E8-C9F7-42FF-B004-ECABDEBD5FD6}.Debug|x64.Build.0 = Debug|x64
		{02B109E8-C9F7-42FF-B004-ECABDEBD5FD6}.Debug|x86.ActiveCfg = Debug|Win32
		{02B109E8-C9F7-42FF-B004-ECABDEBD5FD6}.Debug|x86.Build.0 = Debug|Win32
		{02B109E8-C9F7-42FF-B004-ECABDEBD5FD6}.Release|x64.ActiveCfg = Release|x64
		{02B109E8-C9F7-42FF-B004-ECABDEBD5FD6}.Release|x64.Build.0 = Release|x64
		{02B109E8-C9F7-42FF-B004-ECABDEBD5FD6}.Release|x86.ActiveCfg = Release|Win32
		{02B109E8-C9F7-42FF-B004-ECABDEBD5FD6}.Release|x86.Build.0 = Release|Win32
		{39D54480-923E-4D0E-AC4C-BFE66661209B}.Debug|x64.ActiveCfg = Debug|x64
		{39D54480-923E-4D0E-AC4C-BFE66661209B}.Debug|x64.Build.0 = Debug|x64
		{39D54480-923E-4D0E-AC4C-BFE66661209B}.Debug|x86.ActiveCfg = Debug|Win32
		{39D54480-923E-4D0E-AC4C-BFE66661209B}.Debug|x86.Build.0 = Debug|Win32
		{39D54480-923E-4D0E-AC4C-BFE66661209B}.Release|x64.ActiveCfg = Release|x64
		{39D54480-923E-4D0E-AC4C-BFE66661209B}.Release|x64.Build.0 = Release|x64
		{39D54480-923E-4D0E-AC4C-BFE66661209B}.Release|x86.ActiveCfg = Release|Win32
		{39D54480-923E-4D0E-AC4C-BFE66661209B}.Release|x86.Build.0 = Release|Win32
		{11B5097C-0B7D-4095-B78F-F0D4C3A43E7E}.Debug|x64.ActiveCfg = Debug|x64
		{11B5097C-0B7D-4095-B78F-F0D4C3A43E7E}.Debug|x64.Build.0 = Debug|x64
		{11B5097C-0B7D-4095-B78F-F0D4C3A43E7E}.Debug|x86.ActiveCfg = Debug|Win32
		{11B5097C-0B7D-4095-B78F-F0D4C3A43E7E}.Debug|x86.Build.0 = Debug|Win32
		{11B5097C-0B7D-4095-B78F-F0D4C3A43E7E}.Release|x64.ActiveCfg = Release|x64
		{11B5097C-0B7D-4095-B78F-F0D4C3A43E7E}.Release|x64.Build.0 = Release|x64
		{11B5097C-0B7D-4095-B78F-F0D4C3A43E7E}.Release|x86.ActiveCfg = Release|Win32
		{11B5097C-0B7D-4095-B78F-F0D4C3A43E7E}.Release|x86.Build.0 = Release|Win32
		{20C1C448-D232-4635-88D5-9612FC004D75}.Debug|x64.ActiveCfg = Debug|x64
		{20C1C448-D232-4635-88D5-9612FC004D75}.Debug|x64.Build.0 = Debug|x64
		{20C1C448-D232-4635-88D5-9612FC004D75}.Debug|x86.ActiveCfg = Debug|Win32
		{20C1C448-D232-4635-88D5-9612FC004D75}.Debug|x86.Build.0 = Debug|Win32
		{20C1C448-D232-4635-88D5-9612FC004D75}.Release|x64.ActiveCfg = Release|x64
		{20C1C448-D232-4635-88D5-9612FC004D75}.Release|x64.Build.0 = Release|x64
		{20C1C448-D232-4635-88D5-9612FC004D75}.Release|x86.ActiveCfg = Release|Win32
		{20C1C448-D232-4635-88D5-9612FC004D75}.Release|x86.Build.0 = Release|Win32
		{A0848D22-ECC1-4CD5-937A-8B694C44A668}.Debug|x64.ActiveCfg = Debug|x64
		{A0848D22-ECC1-4CD5-937A-8B694C44A668}.Debug|x64.Build.0 = Debug|x64
		{A0848D22-ECC1-4CD5-937A-8B694C44A668}.Debug|x86.ActiveCfg = Debug|Win32
		{A0848D22-ECC1-4CD5-937A-8B694C44A668}.Debug|x86.Build.0 = Debug|Win32
		{A0848D22-ECC1-4CD5-937A-8B694C44A668}.Release|x64.ActiveCfg = Release|x64
		{A0848D22-ECC1-4CD5-937A-8B694C44A668}.Release|x64.Build.0 = Release|x64
		{A0848D22-ECC1-4CD5-937A-8B694C44A668}.Release|x86.ActiveCfg = Release|Win32
		{A0848D22-ECC1-4CD5-937A-8B694C44A668}.Release|x86.Build.0 = Release|Win32
		{25C8C187-20AF-43B4-9A91-FCDEFFCC71DC}.Debug|x64.ActiveCfg = Debug|x64
		{25C8C187-20AF-43B4-9A91-FCDEFFCC71DC}.Debug|x64.Build.0 = Debug|x64
		{25C8C187-20AF-43B4-9A91-FCDEFFCC71DC}.Debug|x86.ActiveCfg = Debug|Win32
		{25C8C187-20AF-43B4-9A91-FCDEFFCC71DC}.Debug|x86.Build.0 = Debug|Win32
		{25C8C187-20AF-43B4-9A91-FCDEFFCC71DC}.Release|x64.ActiveCfg = Release|x64
		{25C8C187-20AF-43B4-9A91-FCDEFFCC71DC}.Release|x64.Build.0 = Release|x64
		{25C8C187-20AF-43B4-9A91-FCDEFFCC71DC}.Release|x86.ActiveCfg = Release|Win32
		{25C8C187-20AF-43B4-9A91-FCDEFFCC71DC}.Release|x86.Build.0 = Release|Win32
		{0449CB4F-A1B9-42DE-BFE1-250B71AD1777}.Debug|x64.ActiveCfg = Debug|x64
		{0449CB4F-A1B9-42DE-BFE1-250B71AD1777}.Debug|x64.Build.0 = Debug|x64
		{0449CB4F-A1B9-42DE-BFE1-250B71AD1777}.Debug|x86.ActiveCfg = Debug|Win32
		{0449CB4F-A1B9-42DE-BFE1-250B71AD1777}.Debug|x86.Build.0 = Debug|Win32
		{0449CB4F-A1B9-42DE-BFE1-250B71AD1777}.Release|x64.ActiveCfg = Release|x64
		{0449CB4F-A1B9-42DE-BFE1-250B71AD1777}.Release|x64.Build.0 = Release|x64
		{0449CB4F-A1B9-42DE-BFE1-250B71AD1777}.Release|x86.ActiveCfg = Release|Win32
		{0449CB4F-A1B9-42DE-BFE1-250B71AD1777}.Release|x86.Build.0 = Release|Win32
		{3C8F1EFE-DAEB-454D-9C48-308530A0CB4E}.Debug|x64.ActiveCfg = Debug|x64
		{3C8F1EFE-DAEB-454D-9C48-308530A0CB4E}.Debug|x64.Build.0 = Debug|x64
		{3C8F1EFE-DAEB-454D-9C48-308530A0CB4E}.Debug|x86.ActiveCfg = Debug|Win32
		{3C8F1EFE-DAEB-454D-9C48-308530A0CB4E}.Debug|x86.Build.0 = Debug|Win32
		{3C8F1EFE-DAEB-454D-9C48-308530A0CB4E}.Release|x64.ActiveCfg = Release|x64
		{3C8F1EFE-DAEB-454D-9C48-308530A0CB4E}.Release|x64.Build.0 = Release|x64
		{3C8F1EFE-DAEB-454D-9C48-308530A0CB4E}.Release|x86.ActiveCfg = Release|Win32
		{3C8F1EFE-DAEB-454D-9C48-308530A0CB4E}.Release|x86.Build.0 = Release|Win32
		{626199A0-6DAE-4975-99DC-905EE21BAD61}.Debug|x64.ActiveCfg = Debug|x64
		{626199A0-6DAE-4975-99DC-905EE21BAD61}.Debug|x64.Build.0 = Debug|x64
		{626199A0-6DAE-4975-99DC-905EE21BAD61}.Debug|x86.ActiveCfg = Debug|Win32
		{626199A0-6DAE-4975-99DC-905EE21BAD61}.Debug|x86.Build.0 = Debug|Win32
		{626199A0-6DAE-4975-99DC-905EE21BAD61}.Release|x64.ActiveCfg = Release|x64
		{626199A0-6DAE-4975-99DC-905EE21BAD61}.Release|x64.Build.0 = Release|x64
		{626199A0-6DAE-4975-99DC-905EE21BAD61}.Release|x86.ActiveCfg = Release|Win32
		{626199A0-6DAE-4975-99DC-905EE21BAD61}.Release|x86.Build.0 = Release|Win32
		{3D1C1F4A-7C74-4A7A-94D6-E47D561A2F02}.Debug|x64.ActiveCfg = Debug|x64
		{3D1C1F4A-7C74-4A7A-94D6-E47D561A2F02}.Debug|x64.Build.0 = Debug|x64
		{3D1C1F4A-7C74-4A7A-94D6-E47D561A2F02}.Debug|x86.ActiveCfg = Debug|Win32
		{3D1C1F4A-7C74-4A7A-94D6-E47D561A2F02}.Debug|x86.Build.0 = Debug|Win32
		{3D1C1F4A-7C74-4A7A-94D6-E47D561A2F02}.Release|x64.ActiveCfg = Release|x64
		{3D1C1F4A-7C74-4A7A-94D6-E47D561A2F02}.Release|x64.Build.0 = Release|x64
		{3D1C1F4A-7C74-4A7A-94D6-E47D561A2F02}.Release|x86.ActiveCfg = Release|Win32
		{3D1C1F4A-7C74-4A7A-94D6-E47D561A2F02}.Release|x86.Build.0 = Release|Win32
		{88CCC25A-7F2B-4B6D-95B2-6C0AE76DA943}.Debug|x64.ActiveCfg = Debug|x64
		{88CCC25A-7F2B-4B6D-95B2-6C0AE76DA943}.Debug|x64.Build.0 = Debug|x64
		{88CCC25A-7F2B-4B6D-95B2-6C0AE76DA943}.Debug|x86.ActiveCfg = Debug|Win32
		{88CCC25A-7F2B-4B6D-95B2-6C0AE76DA943}.Debug|x86.Build.0 = Debug|Win32
		{88CCC25A-7F2B-4B6D-95B2-6C0AE76DA943}.Release|x64.ActiveCfg = Release|x64
		{88CCC25A-7F2B-4B6D-95B2-6C0AE76DA943}.Release|x64.Build.0 = Release|x64
		{88CCC25A-7F2B-4B6D-95B2-6C0AE76DA943}.Release|x86.ActiveCfg = Release|Win32
		{88CCC25A-7F2B-4B6D-95B2-6C0AE76DA943}.Release|x86.Build.0 = Release|Win32
		{F48D103E-9F0C-45D8-91AD-E6471B7DEFCA}.Debug|x64.ActiveCfg = Debug|x64
		{F48D103E-9F0C-45D8-91AD-E6471B7DEFCA}.Debug|x64.Build.0 = Debug|x64
		{F48D103E-9F0C-45D8-91AD-E6471B7DEFCA}.Debug|x86.ActiveCfg = Debug|Win32
		{F48D103E-9F0C-45D8-91AD-E6471B7DEFCA}.Debug|x86.Build.0 = Debug|Win32
		{F48D103E-9F0C-45D8-91AD-E6471B7DEFCA}.Release|x64.ActiveCfg = Release|x64
		{F48D103E-9F0C-45D8-91AD-E6471B7DEFCA}.Release|x64.Build.0 = Release|x64
		{F48D103E-9F0C-45D8-91AD-E6471B7DEFCA}.Release|x86.ActiveCfg = Release|Win32
		{F48D103E-9F0C-45D8-91AD-E6471B7DEFCA}.Release|x86.Build.0 = Release|Win32
		{010262BC-4BB6-4587-A82E-C0CDD7F24BA6}.Debug|x64.ActiveCfg = Debug|x64
		{010262BC-4BB6-4587-A82E-C0CDD7F24BA6}.Debug|x64.Build.0 = Debug|x64
		{010262BC-4BB6-4587-A82E-C0CDD7F24BA6}.Debug|x86.ActiveCfg = Debug|Win32
		{010262BC-4BB6-4587-A82E-C0CDD7F24BA6}.Debug|x86.Build.0 = Debug|Win32
		{010262BC-4BB6-4587-A82E-C0CDD7F24BA6}.Release|x64.ActiveCfg = Release|x64
		{010262BC-4BB6-4587-A82E-C0CDD7F24BA6}.Release|x64.Build.0 = Release|x64
		{010262BC-4BB6-4587-A82E-C0CDD7F24BA6}.Release|x86.ActiveCfg = Release|Win32
		{010262BC-4BB6-4587-A82E-C0CDD7F24BA6}.Release|x86.Build.0 = Release|Win32
		{1D59289B-D2B7-4DEF-87D7-2F9A84B8DFFA}.Debug|x64.ActiveCfg = Debug|x64
		{1D59289B-D2B7-4DEF-87D7-2F9A84B8DFFA}.Debug|x64.Build.0 = Debug|x64
		{1D59289B-D2B7-4DEF-87D7-2F9A84B8DFFA}.Debug|x86.ActiveCfg = Debug|Win32
		{1D59289B-D2B7-4DEF-87D7-2F9A84B8DFFA}.Debug|x86.Build.0 = Debug|Win32
		{1D59289B-D2B7-4DEF-87D7-2F9A84B8DFFA}.Release|x64.ActiveCfg = Release|x64
		{1D59289B-D2B7-4DEF-87D7-2F9A84B8DFFA}.Release|x64.Build.0 = Release|x64
		{1D59289B-D2B7-4DEF-87D7-2F9A84B8DFFA}.Release|x86.ActiveCfg = Release|Win32
		{1D59289B-D2B7-4DEF-87D7-2F9A84B8DFFA}.Release|x86.Build.0 = Release|Win32
		{6D9E58ED-167D-4987-9006-BFB3069CA127}.Debug|x64.ActiveCfg = Debug|x64
		{6D9E58ED-167D-4987-9006-BFB3069CA127}.Debug|x64.Build.0 = Debug|x64
		{6D9E58ED-167D-4987-9006-BFB3069CA127}.Debug|x86.ActiveCfg = Debug|Win32
		{6D9E58ED-167D-4987-9006-BFB3069CA127}.Debug|x86.Build.0 = Debug|Win32
		{6D9E58ED-167D-4987-9006-BFB3069CA127}.Release|x64.ActiveCfg = Release|x64
		{6D9E58ED-167D-4987-9006-BFB3069CA127}.Release|x64.Build.0 = Release|x64
		{6D9E58ED-167D-4987-9006-BFB3069CA127}.Release|x86.ActiveCfg = Release|Win32
		{6D9E58ED-167D-4987-9006-BFB3069CA127}.Release|x86.Build.0 = Release|Win32
		{24F1F120-415C-4BBE-9139-5EC7281693FD}.Debug|x64.ActiveCfg = Debug|x64
		{24F1F120-415C-4BBE-9139-5EC7281693FD}.Debug|x64.Build.0 = Debug|x64
		{24F1F120-415C-4BBE-9139-5EC7281693FD}.Debug|x86.ActiveCfg = Debug|Win32
		{24F1F120-415C-4BBE-9139-5EC7281693FD}.Debug|x86.Build.0 = Debug|Win32
		{24F1F120-415C-4BBE-9139-5EC7281693FD}.Release|x64.ActiveCfg = Release|x64
		{24F1F120-415C-4BBE-9139-5EC7281693FD}.Release|x64.Build.0 = Release|x64
		{24F1F120-415C-4BBE-9139-5EC7281693FD}.Release|x86.ActiveCfg = Release|Win32
		{24F1F120-415C-4BBE-9139-5EC7281693FD}.Release|x86.Build.0 = Release|Win32
		{5320F178-7C61-4512-A7E0-4D27539DD83D}.Debug|x64.ActiveCfg = Debug|x64
		{5320F178-7C61-4512-A7E0-4D27539DD83D}.Debug|x64.Build.0 = Debug|x64
		{5320F178-7C61-4512-A7E0-4D27539DD83D}.Debug|x86.ActiveCfg = Debug|Win32
		{5320F178-7C61-4512-A7E0-4D27539DD83D}.Debug|x86.Build.0 = Debug|Win32
		{5320F178-7C61-4512-A7E0-4D27539DD83D}.Release|x64.ActiveCfg = Release|x64
		{5320F178-7C61-4512-A7E0-4D27539DD83D}.Release|x64.Build.0 = Release|x64
		{5320F178-7C61-4512-A7E0-4D27539DD83D}.Release|x86.ActiveCfg = Release|Win32
		{5320F178-7C61-4512-A7E0-4D27539DD83D}.Release|x86.Build.0 = Release|Win32
	EndGlobalSection
	GlobalSection(SolutionProperties) = preSolution
		HideSolutionNode = FALSE
	EndGlobalSection
EndGlobal
