
Microsoft Visual Studio Solution File, Format Version 12.00
# Visual Studio 14
VisualStudioVersion = 14.0.25420.1
MinimumVisualStudioVersion = 10.0.40219.1
Project("{8BC9CEB8-8B4A-11D0-8D11-00A0C91BC942}") = "leetccode283", "testtttt\testtttt.vcxproj", "{10FD89EE-08E1-4C0F-8BC4-EC1B6CEEAE62}"
EndProject
Project("{8BC9CEB8-8B4A-11D0-8D11-00A0C91BC942}") = "leetcode268", "leetcode\leetcode.vcxproj", "{9CE431BA-8322-40DB-8890-5E986E0393F3}"
EndProject
Project("{8BC9CEB8-8B4A-11D0-8D11-00A0C91BC942}") = "leetcode35", "leetcode35\leetcode35.vcxproj", "{A3B67520-680B-4A58-AB37-E9E8AB569DF0}"
EndProject
Project("{8BC9CEB8-8B4A-11D0-8D11-00A0C91BC942}") = "leetcode448", "leetcode448\leetcode448.vcxproj", "{77675C8D-94DB-4D9D-9E8E-D3BE5ED5F1EA}"
EndProject
Project("{8BC9CEB8-8B4A-11D0-8D11-00A0C91BC942}") = "leetcode26", "leetcode26\leetcode26.vcxproj", "{1A404C8A-17F4-4964-AAC3-D574A4C229CC}"
EndProject
Project("{8BC9CEB8-8B4A-11D0-8D11-00A0C91BC942}") = "leetcode27", "leetcode27\leetcode27.vcxproj", "{557BE66D-B8A5-4335-AB64-822D6C6FE9FB}"
EndProject
Project("{8BC9CEB8-8B4A-11D0-8D11-00A0C91BC942}") = "leetcode66", "leetcode66\leetcode66.vcxproj", "{808A13CE-A045-4D8B-A71C-83D62365146C}"
EndProject
Project("{8BC9CEB8-8B4A-11D0-8D11-00A0C91BC942}") = "leetcode88", "leetcode88\leetcode88.vcxproj", "{041F938A-6251-4B0F-9614-C67090A4C8F2}"
EndProject
Project("{8BC9CEB8-8B4A-11D0-8D11-00A0C91BC942}") = "leetcode219...", "leetcode219\leetcode219.vcxproj", "{F3F34802-FFF3-4A88-A84F-4E4DC06BFAE4}"
EndProject
Project("{8BC9CEB8-8B4A-11D0-8D11-00A0C91BC942}") = "leetcode189", "leetcode189\leetcode189.vcxproj", "{C30E461C-5ECE-4715-A61A-4C999C2EA595}"
EndProject
Project("{8BC9CEB8-8B4A-11D0-8D11-00A0C91BC942}") = "leetcode561", "leetcode561\leetcode561.vcxproj", "{E4152237-D751-4927-810C-2F309C71F5DF}"
EndProject
Project("{8BC9CEB8-8B4A-11D0-8D11-00A0C91BC942}") = "leetcode442", "leetcode442\leetcode442.vcxproj", "{A034B1F7-FDBC-46E9-8379-01218AECBE50}"
EndProject
Project("{8BC9CEB8-8B4A-11D0-8D11-00A0C91BC942}") = "leetcode167", "leetcode167\leetcode167.vcxproj", "{62FE4122-25BD-4311-9A60-29B503E8DC1B}"
EndProject
Project("{8BC9CEB8-8B4A-11D0-8D11-00A0C91BC942}") = "leetcode216", "leetcode216\leetcode216.vcxproj", "{EEA2AFBD-8ADF-4CCD-99F1-E5AA9FB551BB}"
EndProject
Project("{8BC9CEB8-8B4A-11D0-8D11-00A0C91BC942}") = "biaodashi", "biaodashi\biaodashi.vcxproj", "{A16AAB44-3B33-41AC-8B6F-9D094BE214D1}"
EndProject
Project("{8BC9CEB8-8B4A-11D0-8D11-00A0C91BC942}") = "leetcode104", "leetcode104\leetcode104.vcxproj", "{BD10424C-09F5-4E34-8B8C-14AB1D44D4D6}"
EndProject
Project("{8BC9CEB8-8B4A-11D0-8D11-00A0C91BC942}") = "leetcode566", "leetcode566\leetcode566.vcxproj", "{737DCCD7-3594-4981-BCBA-6DB1678B0C6E}"
EndProject
Project("{8BC9CEB8-8B4A-11D0-8D11-00A0C91BC942}") = "leetcode217", "leetcode217\leetcode217.vcxproj", "{4F3C7DF5-E290-4085-87C5-FC77D67E96BE}"
EndProject
Project("{8BC9CEB8-8B4A-11D0-8D11-00A0C91BC942}") = "leetcode414", "leetcode414\leetcode414.vcxproj", "{15C52B7C-430D-40EB-8306-DF3FBEECCB6C}"
EndProject
Project("{8BC9CEB8-8B4A-11D0-8D11-00A0C91BC942}") = "leetcode238", "leetcode238\leetcode238.vcxproj", "{F62DD6C4-E84F-4771-896C-D90D798F803B}"
EndProject
Project("{8BC9CEB8-8B4A-11D0-8D11-00A0C91BC942}") = "leetcode581", "leetcode581\leetcode581.vcxproj", "{6E3999DC-3001-4249-9231-2F5CFEF85327}"
EndProject
Project("{8BC9CEB8-8B4A-11D0-8D11-00A0C91BC942}") = "leetcode31", "leetcode31\leetcode31.vcxproj", "{10601B56-AE88-46A8-938F-5A8D1171662E}"
EndProject
Project("{8BC9CEB8-8B4A-11D0-8D11-00A0C91BC942}") = "leetcode520", "leetcode520\leetcode520.vcxproj", "{A45C403A-53C6-4A83-BA54-71E5570BA11F}"
EndProject
Project("{8BC9CEB8-8B4A-11D0-8D11-00A0C91BC942}") = "leetcode521", "leetcode521\leetcode521.vcxproj", "{36AAA706-A40D-45A5-A7BD-90926FB3CC9C}"
EndProject
Project("{8BC9CEB8-8B4A-11D0-8D11-00A0C91BC942}") = "leetcode492", "leetcode492\leetcode492.vcxproj", "{F1C548BD-CC22-4E62-8CD2-7A690E6C887F}"
EndProject
Project("{8BC9CEB8-8B4A-11D0-8D11-00A0C91BC942}") = "leetcode258", "leetcode258\leetcode258.vcxproj", "{A570E381-4B43-41A9-A270-BE63F39E5C07}"
EndProject
Project("{8BC9CEB8-8B4A-11D0-8D11-00A0C91BC942}") = "leetcode292", "leetcode292\leetcode292.vcxproj", "{294FF5A5-01CA-4E34-9C28-6852AFCB15A4}"
EndProject
Global
	GlobalSection(SolutionConfigurationPlatforms) = preSolution
		Debug|x64 = Debug|x64
		Debug|x86 = Debug|x86
		Release|x64 = Release|x64
		Release|x86 = Release|x86
	EndGlobalSection
	GlobalSection(ProjectConfigurationPlatforms) = postSolution
		{10FD89EE-08E1-4C0F-8BC4-EC1B6CEEAE62}.Debug|x64.ActiveCfg = Debug|x64
		{10FD89EE-08E1-4C0F-8BC4-EC1B6CEEAE62}.Debug|x64.Build.0 = Debug|x64
		{10FD89EE-08E1-4C0F-8BC4-EC1B6CEEAE62}.Debug|x86.ActiveCfg = Debug|Win32
		{10FD89EE-08E1-4C0F-8BC4-EC1B6CEEAE62}.Debug|x86.Build.0 = Debug|Win32
		{10FD89EE-08E1-4C0F-8BC4-EC1B6CEEAE62}.Release|x64.ActiveCfg = Release|x64
		{10FD89EE-08E1-4C0F-8BC4-EC1B6CEEAE62}.Release|x64.Build.0 = Release|x64
		{10FD89EE-08E1-4C0F-8BC4-EC1B6CEEAE62}.Release|x86.ActiveCfg = Release|Win32
		{10FD89EE-08E1-4C0F-8BC4-EC1B6CEEAE62}.Release|x86.Build.0 = Release|Win32
		{9CE431BA-8322-40DB-8890-5E986E0393F3}.Debug|x64.ActiveCfg = Debug|x64
		{9CE431BA-8322-40DB-8890-5E986E0393F3}.Debug|x64.Build.0 = Debug|x64
		{9CE431BA-8322-40DB-8890-5E986E0393F3}.Debug|x86.ActiveCfg = Debug|Win32
		{9CE431BA-8322-40DB-8890-5E986E0393F3}.Debug|x86.Build.0 = Debug|Win32
		{9CE431BA-8322-40DB-8890-5E986E0393F3}.Release|x64.ActiveCfg = Release|x64
		{9CE431BA-8322-40DB-8890-5E986E0393F3}.Release|x64.Build.0 = Release|x64
		{9CE431BA-8322-40DB-8890-5E986E0393F3}.Release|x86.ActiveCfg = Release|Win32
		{9CE431BA-8322-40DB-8890-5E986E0393F3}.Release|x86.Build.0 = Release|Win32
		{A3B67520-680B-4A58-AB37-E9E8AB569DF0}.Debug|x64.ActiveCfg = Debug|x64
		{A3B67520-680B-4A58-AB37-E9E8AB569DF0}.Debug|x64.Build.0 = Debug|x64
		{A3B67520-680B-4A58-AB37-E9E8AB569DF0}.Debug|x86.ActiveCfg = Debug|Win32
		{A3B67520-680B-4A58-AB37-E9E8AB569DF0}.Debug|x86.Build.0 = Debug|Win32
		{A3B67520-680B-4A58-AB37-E9E8AB569DF0}.Release|x64.ActiveCfg = Release|x64
		{A3B67520-680B-4A58-AB37-E9E8AB569DF0}.Release|x64.Build.0 = Release|x64
		{A3B67520-680B-4A58-AB37-E9E8AB569DF0}.Release|x86.ActiveCfg = Release|Win32
		{A3B67520-680B-4A58-AB37-E9E8AB569DF0}.Release|x86.Build.0 = Release|Win32
		{77675C8D-94DB-4D9D-9E8E-D3BE5ED5F1EA}.Debug|x64.ActiveCfg = Debug|x64
		{77675C8D-94DB-4D9D-9E8E-D3BE5ED5F1EA}.Debug|x64.Build.0 = Debug|x64
		{77675C8D-94DB-4D9D-9E8E-D3BE5ED5F1EA}.Debug|x86.ActiveCfg = Debug|Win32
		{77675C8D-94DB-4D9D-9E8E-D3BE5ED5F1EA}.Debug|x86.Build.0 = Debug|Win32
		{77675C8D-94DB-4D9D-9E8E-D3BE5ED5F1EA}.Release|x64.ActiveCfg = Release|x64
		{77675C8D-94DB-4D9D-9E8E-D3BE5ED5F1EA}.Release|x64.Build.0 = Release|x64
		{77675C8D-94DB-4D9D-9E8E-D3BE5ED5F1EA}.Release|x86.ActiveCfg = Release|Win32
		{77675C8D-94DB-4D9D-9E8E-D3BE5ED5F1EA}.Release|x86.Build.0 = Release|Win32
		{1A404C8A-17F4-4964-AAC3-D574A4C229CC}.Debug|x64.ActiveCfg = Debug|x64
		{1A404C8A-17F4-4964-AAC3-D574A4C229CC}.Debug|x64.Build.0 = Debug|x64
		{1A404C8A-17F4-4964-AAC3-D574A4C229CC}.Debug|x86.ActiveCfg = Debug|Win32
		{1A404C8A-17F4-4964-AAC3-D574A4C229CC}.Debug|x86.Build.0 = Debug|Win32
		{1A404C8A-17F4-4964-AAC3-D574A4C229CC}.Release|x64.ActiveCfg = Release|x64
		{1A404C8A-17F4-4964-AAC3-D574A4C229CC}.Release|x64.Build.0 = Release|x64
		{1A404C8A-17F4-4964-AAC3-D574A4C229CC}.Release|x86.ActiveCfg = Release|Win32
		{1A404C8A-17F4-4964-AAC3-D574A4C229CC}.Release|x86.Build.0 = Release|Win32
		{557BE66D-B8A5-4335-AB64-822D6C6FE9FB}.Debug|x64.ActiveCfg = Debug|x64
		{557BE66D-B8A5-4335-AB64-822D6C6FE9FB}.Debug|x64.Build.0 = Debug|x64
		{557BE66D-B8A5-4335-AB64-822D6C6FE9FB}.Debug|x86.ActiveCfg = Debug|Win32
		{557BE66D-B8A5-4335-AB64-822D6C6FE9FB}.Debug|x86.Build.0 = Debug|Win32
		{557BE66D-B8A5-4335-AB64-822D6C6FE9FB}.Release|x64.ActiveCfg = Release|x64
		{557BE66D-B8A5-4335-AB64-822D6C6FE9FB}.Release|x64.Build.0 = Release|x64
		{557BE66D-B8A5-4335-AB64-822D6C6FE9FB}.Release|x86.ActiveCfg = Release|Win32
		{557BE66D-B8A5-4335-AB64-822D6C6FE9FB}.Release|x86.Build.0 = Release|Win32
		{808A13CE-A045-4D8B-A71C-83D62365146C}.Debug|x64.ActiveCfg = Debug|x64
		{808A13CE-A045-4D8B-A71C-83D62365146C}.Debug|x64.Build.0 = Debug|x64
		{808A13CE-A045-4D8B-A71C-83D62365146C}.Debug|x86.ActiveCfg = Debug|Win32
		{808A13CE-A045-4D8B-A71C-83D62365146C}.Debug|x86.Build.0 = Debug|Win32
		{808A13CE-A045-4D8B-A71C-83D62365146C}.Release|x64.ActiveCfg = Release|x64
		{808A13CE-A045-4D8B-A71C-83D62365146C}.Release|x64.Build.0 = Release|x64
		{808A13CE-A045-4D8B-A71C-83D62365146C}.Release|x86.ActiveCfg = Release|Win32
		{808A13CE-A045-4D8B-A71C-83D62365146C}.Release|x86.Build.0 = Release|Win32
		{041F938A-6251-4B0F-9614-C67090A4C8F2}.Debug|x64.ActiveCfg = Debug|x64
		{041F938A-6251-4B0F-9614-C67090A4C8F2}.Debug|x64.Build.0 = Debug|x64
		{041F938A-6251-4B0F-9614-C67090A4C8F2}.Debug|x86.ActiveCfg = Debug|Win32
		{041F938A-6251-4B0F-9614-C67090A4C8F2}.Debug|x86.Build.0 = Debug|Win32
		{041F938A-6251-4B0F-9614-C67090A4C8F2}.Release|x64.ActiveCfg = Release|x64
		{041F938A-6251-4B0F-9614-C67090A4C8F2}.Release|x64.Build.0 = Release|x64
		{041F938A-6251-4B0F-9614-C67090A4C8F2}.Release|x86.ActiveCfg = Release|Win32
		{041F938A-6251-4B0F-9614-C67090A4C8F2}.Release|x86.Build.0 = Release|Win32
		{F3F34802-FFF3-4A88-A84F-4E4DC06BFAE4}.Debug|x64.ActiveCfg = Debug|x64
		{F3F34802-FFF3-4A88-A84F-4E4DC06BFAE4}.Debug|x64.Build.0 = Debug|x64
		{F3F34802-FFF3-4A88-A84F-4E4DC06BFAE4}.Debug|x86.ActiveCfg = Debug|Win32
		{F3F34802-FFF3-4A88-A84F-4E4DC06BFAE4}.Debug|x86.Build.0 = Debug|Win32
		{F3F34802-FFF3-4A88-A84F-4E4DC06BFAE4}.Release|x64.ActiveCfg = Release|x64
		{F3F34802-FFF3-4A88-A84F-4E4DC06BFAE4}.Release|x64.Build.0 = Release|x64
		{F3F34802-FFF3-4A88-A84F-4E4DC06BFAE4}.Release|x86.ActiveCfg = Release|Win32
		{F3F34802-FFF3-4A88-A84F-4E4DC06BFAE4}.Release|x86.Build.0 = Release|Win32
		{C30E461C-5ECE-4715-A61A-4C999C2EA595}.Debug|x64.ActiveCfg = Debug|x64
		{C30E461C-5ECE-4715-A61A-4C999C2EA595}.Debug|x64.Build.0 = Debug|x64
		{C30E461C-5ECE-4715-A61A-4C999C2EA595}.Debug|x86.ActiveCfg = Debug|Win32
		{C30E461C-5ECE-4715-A61A-4C999C2EA595}.Debug|x86.Build.0 = Debug|Win32
		{C30E461C-5ECE-4715-A61A-4C999C2EA595}.Release|x64.ActiveCfg = Release|x64
		{C30E461C-5ECE-4715-A61A-4C999C2EA595}.Release|x64.Build.0 = Release|x64
		{C30E461C-5ECE-4715-A61A-4C999C2EA595}.Release|x86.ActiveCfg = Release|Win32
		{C30E461C-5ECE-4715-A61A-4C999C2EA595}.Release|x86.Build.0 = Release|Win32
		{E4152237-D751-4927-810C-2F309C71F5DF}.Debug|x64.ActiveCfg = Debug|x64
		{E4152237-D751-4927-810C-2F309C71F5DF}.Debug|x64.Build.0 = Debug|x64
		{E4152237-D751-4927-810C-2F309C71F5DF}.Debug|x86.ActiveCfg = Debug|Win32
		{E4152237-D751-4927-810C-2F309C71F5DF}.Debug|x86.Build.0 = Debug|Win32
		{E4152237-D751-4927-810C-2F309C71F5DF}.Release|x64.ActiveCfg = Release|x64
		{E4152237-D751-4927-810C-2F309C71F5DF}.Release|x64.Build.0 = Release|x64
		{E4152237-D751-4927-810C-2F309C71F5DF}.Release|x86.ActiveCfg = Release|Win32
		{E4152237-D751-4927-810C-2F309C71F5DF}.Release|x86.Build.0 = Release|Win32
		{A034B1F7-FDBC-46E9-8379-01218AECBE50}.Debug|x64.ActiveCfg = Debug|x64
		{A034B1F7-FDBC-46E9-8379-01218AECBE50}.Debug|x64.Build.0 = Debug|x64
		{A034B1F7-FDBC-46E9-8379-01218AECBE50}.Debug|x86.ActiveCfg = Debug|Win32
		{A034B1F7-FDBC-46E9-8379-01218AECBE50}.Debug|x86.Build.0 = Debug|Win32
		{A034B1F7-FDBC-46E9-8379-01218AECBE50}.Release|x64.ActiveCfg = Release|x64
		{A034B1F7-FDBC-46E9-8379-01218AECBE50}.Release|x64.Build.0 = Release|x64
		{A034B1F7-FDBC-46E9-8379-01218AECBE50}.Release|x86.ActiveCfg = Release|Win32
		{A034B1F7-FDBC-46E9-8379-01218AECBE50}.Release|x86.Build.0 = Release|Win32
		{62FE4122-25BD-4311-9A60-29B503E8DC1B}.Debug|x64.ActiveCfg = Debug|x64
		{62FE4122-25BD-4311-9A60-29B503E8DC1B}.Debug|x64.Build.0 = Debug|x64
		{62FE4122-25BD-4311-9A60-29B503E8DC1B}.Debug|x86.ActiveCfg = Debug|Win32
		{62FE4122-25BD-4311-9A60-29B503E8DC1B}.Debug|x86.Build.0 = Debug|Win32
		{62FE4122-25BD-4311-9A60-29B503E8DC1B}.Release|x64.ActiveCfg = Release|x64
		{62FE4122-25BD-4311-9A60-29B503E8DC1B}.Release|x64.Build.0 = Release|x64
		{62FE4122-25BD-4311-9A60-29B503E8DC1B}.Release|x86.ActiveCfg = Release|Win32
		{62FE4122-25BD-4311-9A60-29B503E8DC1B}.Release|x86.Build.0 = Release|Win32
		{EEA2AFBD-8ADF-4CCD-99F1-E5AA9FB551BB}.Debug|x64.ActiveCfg = Debug|x64
		{EEA2AFBD-8ADF-4CCD-99F1-E5AA9FB551BB}.Debug|x64.Build.0 = Debug|x64
		{EEA2AFBD-8ADF-4CCD-99F1-E5AA9FB551BB}.Debug|x86.ActiveCfg = Debug|Win32
		{EEA2AFBD-8ADF-4CCD-99F1-E5AA9FB551BB}.Debug|x86.Build.0 = Debug|Win32
		{EEA2AFBD-8ADF-4CCD-99F1-E5AA9FB551BB}.Release|x64.ActiveCfg = Release|x64
		{EEA2AFBD-8ADF-4CCD-99F1-E5AA9FB551BB}.Release|x64.Build.0 = Release|x64
		{EEA2AFBD-8ADF-4CCD-99F1-E5AA9FB551BB}.Release|x86.ActiveCfg = Release|Win32
		{EEA2AFBD-8ADF-4CCD-99F1-E5AA9FB551BB}.Release|x86.Build.0 = Release|Win32
		{A16AAB44-3B33-41AC-8B6F-9D094BE214D1}.Debug|x64.ActiveCfg = Debug|x64
		{A16AAB44-3B33-41AC-8B6F-9D094BE214D1}.Debug|x64.Build.0 = Debug|x64
		{A16AAB44-3B33-41AC-8B6F-9D094BE214D1}.Debug|x86.ActiveCfg = Debug|Win32
		{A16AAB44-3B33-41AC-8B6F-9D094BE214D1}.Debug|x86.Build.0 = Debug|Win32
		{A16AAB44-3B33-41AC-8B6F-9D094BE214D1}.Release|x64.ActiveCfg = Release|x64
		{A16AAB44-3B33-41AC-8B6F-9D094BE214D1}.Release|x64.Build.0 = Release|x64
		{A16AAB44-3B33-41AC-8B6F-9D094BE214D1}.Release|x86.ActiveCfg = Release|Win32
		{A16AAB44-3B33-41AC-8B6F-9D094BE214D1}.Release|x86.Build.0 = Release|Win32
		{BD10424C-09F5-4E34-8B8C-14AB1D44D4D6}.Debug|x64.ActiveCfg = Debug|x64
		{BD10424C-09F5-4E34-8B8C-14AB1D44D4D6}.Debug|x64.Build.0 = Debug|x64
		{BD10424C-09F5-4E34-8B8C-14AB1D44D4D6}.Debug|x86.ActiveCfg = Debug|Win32
		{BD10424C-09F5-4E34-8B8C-14AB1D44D4D6}.Debug|x86.Build.0 = Debug|Win32
		{BD10424C-09F5-4E34-8B8C-14AB1D44D4D6}.Release|x64.ActiveCfg = Release|x64
		{BD10424C-09F5-4E34-8B8C-14AB1D44D4D6}.Release|x64.Build.0 = Release|x64
		{BD10424C-09F5-4E34-8B8C-14AB1D44D4D6}.Release|x86.ActiveCfg = Release|Win32
		{BD10424C-09F5-4E34-8B8C-14AB1D44D4D6}.Release|x86.Build.0 = Release|Win32
		{737DCCD7-3594-4981-BCBA-6DB1678B0C6E}.Debug|x64.ActiveCfg = Debug|x64
		{737DCCD7-3594-4981-BCBA-6DB1678B0C6E}.Debug|x64.Build.0 = Debug|x64
		{737DCCD7-3594-4981-BCBA-6DB1678B0C6E}.Debug|x86.ActiveCfg = Debug|Win32
		{737DCCD7-3594-4981-BCBA-6DB1678B0C6E}.Debug|x86.Build.0 = Debug|Win32
		{737DCCD7-3594-4981-BCBA-6DB1678B0C6E}.Release|x64.ActiveCfg = Release|x64
		{737DCCD7-3594-4981-BCBA-6DB1678B0C6E}.Release|x64.Build.0 = Release|x64
		{737DCCD7-3594-4981-BCBA-6DB1678B0C6E}.Release|x86.ActiveCfg = Release|Win32
		{737DCCD7-3594-4981-BCBA-6DB1678B0C6E}.Release|x86.Build.0 = Release|Win32
		{4F3C7DF5-E290-4085-87C5-FC77D67E96BE}.Debug|x64.ActiveCfg = Debug|x64
		{4F3C7DF5-E290-4085-87C5-FC77D67E96BE}.Debug|x64.Build.0 = Debug|x64
		{4F3C7DF5-E290-4085-87C5-FC77D67E96BE}.Debug|x86.ActiveCfg = Debug|Win32
		{4F3C7DF5-E290-4085-87C5-FC77D67E96BE}.Debug|x86.Build.0 = Debug|Win32
		{4F3C7DF5-E290-4085-87C5-FC77D67E96BE}.Release|x64.ActiveCfg = Release|x64
		{4F3C7DF5-E290-4085-87C5-FC77D67E96BE}.Release|x64.Build.0 = Release|x64
		{4F3C7DF5-E290-4085-87C5-FC77D67E96BE}.Release|x86.ActiveCfg = Release|Win32
		{4F3C7DF5-E290-4085-87C5-FC77D67E96BE}.Release|x86.Build.0 = Release|Win32
		{15C52B7C-430D-40EB-8306-DF3FBEECCB6C}.Debug|x64.ActiveCfg = Debug|x64
		{15C52B7C-430D-40EB-8306-DF3FBEECCB6C}.Debug|x64.Build.0 = Debug|x64
		{15C52B7C-430D-40EB-8306-DF3FBEECCB6C}.Debug|x86.ActiveCfg = Debug|Win32
		{15C52B7C-430D-40EB-8306-DF3FBEECCB6C}.Debug|x86.Build.0 = Debug|Win32
		{15C52B7C-430D-40EB-8306-DF3FBEECCB6C}.Release|x64.ActiveCfg = Release|x64
		{15C52B7C-430D-40EB-8306-DF3FBEECCB6C}.Release|x64.Build.0 = Release|x64
		{15C52B7C-430D-40EB-8306-DF3FBEECCB6C}.Release|x86.ActiveCfg = Release|Win32
		{15C52B7C-430D-40EB-8306-DF3FBEECCB6C}.Release|x86.Build.0 = Release|Win32
		{F62DD6C4-E84F-4771-896C-D90D798F803B}.Debug|x64.ActiveCfg = Debug|x64
		{F62DD6C4-E84F-4771-896C-D90D798F803B}.Debug|x64.Build.0 = Debug|x64
		{F62DD6C4-E84F-4771-896C-D90D798F803B}.Debug|x86.ActiveCfg = Debug|Win32
		{F62DD6C4-E84F-4771-896C-D90D798F803B}.Debug|x86.Build.0 = Debug|Win32
		{F62DD6C4-E84F-4771-896C-D90D798F803B}.Release|x64.ActiveCfg = Release|x64
		{F62DD6C4-E84F-4771-896C-D90D798F803B}.Release|x64.Build.0 = Release|x64
		{F62DD6C4-E84F-4771-896C-D90D798F803B}.Release|x86.ActiveCfg = Release|Win32
		{F62DD6C4-E84F-4771-896C-D90D798F803B}.Release|x86.Build.0 = Release|Win32
		{6E3999DC-3001-4249-9231-2F5CFEF85327}.Debug|x64.ActiveCfg = Debug|x64
		{6E3999DC-3001-4249-9231-2F5CFEF85327}.Debug|x64.Build.0 = Debug|x64
		{6E3999DC-3001-4249-9231-2F5CFEF85327}.Debug|x86.ActiveCfg = Debug|Win32
		{6E3999DC-3001-4249-9231-2F5CFEF85327}.Debug|x86.Build.0 = Debug|Win32
		{6E3999DC-3001-4249-9231-2F5CFEF85327}.Release|x64.ActiveCfg = Release|x64
		{6E3999DC-3001-4249-9231-2F5CFEF85327}.Release|x64.Build.0 = Release|x64
		{6E3999DC-3001-4249-9231-2F5CFEF85327}.Release|x86.ActiveCfg = Release|Win32
		{6E3999DC-3001-4249-9231-2F5CFEF85327}.Release|x86.Build.0 = Release|Win32
		{10601B56-AE88-46A8-938F-5A8D1171662E}.Debug|x64.ActiveCfg = Debug|x64
		{10601B56-AE88-46A8-938F-5A8D1171662E}.Debug|x64.Build.0 = Debug|x64
		{10601B56-AE88-46A8-938F-5A8D1171662E}.Debug|x86.ActiveCfg = Debug|Win32
		{10601B56-AE88-46A8-938F-5A8D1171662E}.Debug|x86.Build.0 = Debug|Win32
		{10601B56-AE88-46A8-938F-5A8D1171662E}.Release|x64.ActiveCfg = Release|x64
		{10601B56-AE88-46A8-938F-5A8D1171662E}.Release|x64.Build.0 = Release|x64
		{10601B56-AE88-46A8-938F-5A8D1171662E}.Release|x86.ActiveCfg = Release|Win32
		{10601B56-AE88-46A8-938F-5A8D1171662E}.Release|x86.Build.0 = Release|Win32
		{A45C403A-53C6-4A83-BA54-71E5570BA11F}.Debug|x64.ActiveCfg = Debug|x64
		{A45C403A-53C6-4A83-BA54-71E5570BA11F}.Debug|x64.Build.0 = Debug|x64
		{A45C403A-53C6-4A83-BA54-71E5570BA11F}.Debug|x86.ActiveCfg = Debug|Win32
		{A45C403A-53C6-4A83-BA54-71E5570BA11F}.Debug|x86.Build.0 = Debug|Win32
		{A45C403A-53C6-4A83-BA54-71E5570BA11F}.Release|x64.ActiveCfg = Release|x64
		{A45C403A-53C6-4A83-BA54-71E5570BA11F}.Release|x64.Build.0 = Release|x64
		{A45C403A-53C6-4A83-BA54-71E5570BA11F}.Release|x86.ActiveCfg = Release|Win32
		{A45C403A-53C6-4A83-BA54-71E5570BA11F}.Release|x86.Build.0 = Release|Win32
		{36AAA706-A40D-45A5-A7BD-90926FB3CC9C}.Debug|x64.ActiveCfg = Debug|x64
		{36AAA706-A40D-45A5-A7BD-90926FB3CC9C}.Debug|x64.Build.0 = Debug|x64
		{36AAA706-A40D-45A5-A7BD-90926FB3CC9C}.Debug|x86.ActiveCfg = Debug|Win32
		{36AAA706-A40D-45A5-A7BD-90926FB3CC9C}.Debug|x86.Build.0 = Debug|Win32
		{36AAA706-A40D-45A5-A7BD-90926FB3CC9C}.Release|x64.ActiveCfg = Release|x64
		{36AAA706-A40D-45A5-A7BD-90926FB3CC9C}.Release|x64.Build.0 = Release|x64
		{36AAA706-A40D-45A5-A7BD-90926FB3CC9C}.Release|x86.ActiveCfg = Release|Win32
		{36AAA706-A40D-45A5-A7BD-90926FB3CC9C}.Release|x86.Build.0 = Release|Win32
		{F1C548BD-CC22-4E62-8CD2-7A690E6C887F}.Debug|x64.ActiveCfg = Debug|x64
		{F1C548BD-CC22-4E62-8CD2-7A690E6C887F}.Debug|x64.Build.0 = Debug|x64
		{F1C548BD-CC22-4E62-8CD2-7A690E6C887F}.Debug|x86.ActiveCfg = Debug|Win32
		{F1C548BD-CC22-4E62-8CD2-7A690E6C887F}.Debug|x86.Build.0 = Debug|Win32
		{F1C548BD-CC22-4E62-8CD2-7A690E6C887F}.Release|x64.ActiveCfg = Release|x64
		{F1C548BD-CC22-4E62-8CD2-7A690E6C887F}.Release|x64.Build.0 = Release|x64
		{F1C548BD-CC22-4E62-8CD2-7A690E6C887F}.Release|x86.ActiveCfg = Release|Win32
		{F1C548BD-CC22-4E62-8CD2-7A690E6C887F}.Release|x86.Build.0 = Release|Win32
		{A570E381-4B43-41A9-A270-BE63F39E5C07}.Debug|x64.ActiveCfg = Debug|x64
		{A570E381-4B43-41A9-A270-BE63F39E5C07}.Debug|x64.Build.0 = Debug|x64
		{A570E381-4B43-41A9-A270-BE63F39E5C07}.Debug|x86.ActiveCfg = Debug|Win32
		{A570E381-4B43-41A9-A270-BE63F39E5C07}.Debug|x86.Build.0 = Debug|Win32
		{A570E381-4B43-41A9-A270-BE63F39E5C07}.Release|x64.ActiveCfg = Release|x64
		{A570E381-4B43-41A9-A270-BE63F39E5C07}.Release|x64.Build.0 = Release|x64
		{A570E381-4B43-41A9-A270-BE63F39E5C07}.Release|x86.ActiveCfg = Release|Win32
		{A570E381-4B43-41A9-A270-BE63F39E5C07}.Release|x86.Build.0 = Release|Win32
		{294FF5A5-01CA-4E34-9C28-6852AFCB15A4}.Debug|x64.ActiveCfg = Debug|x64
		{294FF5A5-01CA-4E34-9C28-6852AFCB15A4}.Debug|x64.Build.0 = Debug|x64
		{294FF5A5-01CA-4E34-9C28-6852AFCB15A4}.Debug|x86.ActiveCfg = Debug|Win32
		{294FF5A5-01CA-4E34-9C28-6852AFCB15A4}.Debug|x86.Build.0 = Debug|Win32
		{294FF5A5-01CA-4E34-9C28-6852AFCB15A4}.Release|x64.ActiveCfg = Release|x64
		{294FF5A5-01CA-4E34-9C28-6852AFCB15A4}.Release|x64.Build.0 = Release|x64
		{294FF5A5-01CA-4E34-9C28-6852AFCB15A4}.Release|x86.ActiveCfg = Release|Win32
		{294FF5A5-01CA-4E34-9C28-6852AFCB15A4}.Release|x86.Build.0 = Release|Win32
	EndGlobalSection
	GlobalSection(SolutionProperties) = preSolution
		HideSolutionNode = FALSE
	EndGlobalSection
EndGlobal
